{
  "name": "tadakashi_app",
  "requires": true,
  "lockfileVersion": 1,
  "dependencies": {
    "vue": {
      "version": "2.3.3",
      "resolved": "https://registry.npmjs.org/vue/-/vue-2.3.3.tgz",
      "integrity": "sha1-0eqo/eUkBzWkVj508sf+rZy7Bkw="
    },
    "vue-backtotop": {
      "version": "1.6.1",
      "resolved": "https://registry.npmjs.org/vue-backtotop/-/vue-backtotop-1.6.1.tgz",
      "integrity": "sha512-/zbKVHrfs2gfuY/2r7n4jUGE0WrixXRNjYVOOmtPCpgnz2/1iNerczlWnbT2wnI/KJvfKMDp+sGza4CqDvElAQ==",
      "requires": {
        "vue": "2.3.3"
      }
    }
  }
}
